
Microsoft Visual Studio Solution File, Format Version 12.00
# Visual Studio Version 16
VisualStudioVersion = 16.0.30104.148
MinimumVisualStudioVersion = 10.0.40219.1
Project("{9A19103F-16F7-4668-BE54-9A1E7A4F7556}") = "MusicHarmonySearch.Tests", "MusicHarmonySearch.Tests\MusicHarmonySearch.Tests.csproj", "{56634B83-BFCE-4D9C-AEC9-7794C1E54210}"
EndProject
Project("{9A19103F-16F7-4668-BE54-9A1E7A4F7556}") = "MusicHarmonySearch.Engine", "MusicHarmonySearch.Engine\MusicHarmonySearch.Engine.csproj", "{E017B31D-6729-4101-9601-6CDA2EB6AF2B}"
EndProject
Global
	GlobalSection(SolutionConfigurationPlatforms) = preSolution
		Debug|Any CPU = Debug|Any CPU
		Release|Any CPU = Release|Any CPU
	EndGlobalSection
	GlobalSection(ProjectConfigurationPlatforms) = postSolution
		{56634B83-BFCE-4D9C-AEC9-7794C1E54210}.Debug|Any CPU.ActiveCfg = Debug|Any CPU
		{56634B83-BFCE-4D9C-AEC9-7794C1E54210}.Debug|Any CPU.Build.0 = Debug|Any CPU
		{56634B83-BFCE-4D9C-AEC9-7794C1E54210}.Release|Any CPU.ActiveCfg = Release|Any CPU
		{56634B83-BFCE-4D9C-AEC9-7794C1E54210}.Release|Any CPU.Build.0 = Release|Any CPU
		{E017B31D-6729-4101-9601-6CDA2EB6AF2B}.Debug|Any CPU.ActiveCfg = Debug|Any CPU
		{E017B31D-6729-4101-9601-6CDA2EB6AF2B}.Debug|Any CPU.Build.0 = Debug|Any CPU
		{E017B31D-6729-4101-9601-6CDA2EB6AF2B}.Release|Any CPU.ActiveCfg = Release|Any CPU
		{E017B31D-6729-4101-9601-6CDA2EB6AF2B}.Release|Any CPU.Build.0 = Release|Any CPU
	EndGlobalSection
	GlobalSection(SolutionProperties) = preSolution
		HideSolutionNode = FALSE
	EndGlobalSection
	GlobalSection(ExtensibilityGlobals) = postSolution
		SolutionGuid = {53830269-B831-47E3-B853-DC7B92B0CE56}
	EndGlobalSection
EndGlobal
